
Microsoft Visual Studio Solution File, Format Version 11.00
# Visual Studio 2010
Project("{FAE04EC0-301F-11D3-BF4B-00C04F79EFBC}") = "SQLiteTest", "SQLiteTest\SQLiteTest.csproj", "{C72FB230-9C9B-4E9E-9E69-A2017EB65BDD}"
EndProject
Project("{FAE04EC0-301F-11D3-BF4B-00C04F79EFBC}") = "SQLiteConversionEngine", "SQLiteConversionEngine\SQLiteConversionEngine.csproj", "{23AAF1EF-2EB6-43AD-8103-A687F04A7288}"
EndProject
Project("{2150E333-8FDC-42A3-9474-1A3956D46DE8}") = "SQLiteConversionEngine2", "SQLiteConversionEngine2", "{3F24ABDE-5943-440C-BF1E-8D00EC748E32}"
EndProject
Project("{FAE04EC0-301F-11D3-BF4B-00C04F79EFBC}") = "SQLiteConversionEngine", "SQLiteConversionEngine2\SQLiteConversionEngine\SQLiteConversionEngine.csproj", "{CDE494AC-74A8-4E3A-8E91-65DF4977FF3F}"
EndProject
Project("{FAE04EC0-301F-11D3-BF4B-00C04F79EFBC}") = "ConversionTestConsole", "SQLiteConversionEngine2\ConversionTestConsole\ConversionTestConsole.csproj", "{3FE99D86-9E72-48C0-8CB9-195F78C4AE6B}"
EndProject
Project("{FAE04EC0-301F-11D3-BF4B-00C04F79EFBC}") = "SqlServerConverter", "SQLiteConversionEngine2\SqlServerConverter\SqlServerConverter.csproj", "{6919B2D4-B056-48C8-B851-D4D738757E40}"
EndProject
Global
	GlobalSection(SolutionConfigurationPlatforms) = preSolution
		Debug|x64 = Debug|x64
		Debug|x86 = Debug|x86
		Release|x64 = Release|x64
		Release|x86 = Release|x86
	EndGlobalSection
	GlobalSection(ProjectConfigurationPlatforms) = postSolution
		{C72FB230-9C9B-4E9E-9E69-A2017EB65BDD}.Debug|x64.ActiveCfg = Debug|x64
		{C72FB230-9C9B-4E9E-9E69-A2017EB65BDD}.Debug|x86.ActiveCfg = Debug|x86
		{C72FB230-9C9B-4E9E-9E69-A2017EB65BDD}.Release|x64.ActiveCfg = Release|x64
		{C72FB230-9C9B-4E9E-9E69-A2017EB65BDD}.Release|x86.ActiveCfg = Release|x86
		{C72FB230-9C9B-4E9E-9E69-A2017EB65BDD}.Release|x86.Build.0 = Release|x86
		{23AAF1EF-2EB6-43AD-8103-A687F04A7288}.Debug|x64.ActiveCfg = Debug|x64
		{23AAF1EF-2EB6-43AD-8103-A687F04A7288}.Debug|x86.ActiveCfg = Debug|x86
		{23AAF1EF-2EB6-43AD-8103-A687F04A7288}.Release|x64.ActiveCfg = Release|x64
		{23AAF1EF-2EB6-43AD-8103-A687F04A7288}.Release|x86.ActiveCfg = Release|Any CPU
		{CDE494AC-74A8-4E3A-8E91-65DF4977FF3F}.Debug|x64.ActiveCfg = Debug|x64
		{CDE494AC-74A8-4E3A-8E91-65DF4977FF3F}.Debug|x64.Build.0 = Debug|x64
		{CDE494AC-74A8-4E3A-8E91-65DF4977FF3F}.Debug|x86.ActiveCfg = Debug|x86
		{CDE494AC-74A8-4E3A-8E91-65DF4977FF3F}.Debug|x86.Build.0 = Debug|x86
		{CDE494AC-74A8-4E3A-8E91-65DF4977FF3F}.Release|x64.ActiveCfg = Release|x64
		{CDE494AC-74A8-4E3A-8E91-65DF4977FF3F}.Release|x64.Build.0 = Release|x64
		{CDE494AC-74A8-4E3A-8E91-65DF4977FF3F}.Release|x86.ActiveCfg = Release|Any CPU
		{3FE99D86-9E72-48C0-8CB9-195F78C4AE6B}.Debug|x64.ActiveCfg = Debug|x64
		{3FE99D86-9E72-48C0-8CB9-195F78C4AE6B}.Debug|x64.Build.0 = Debug|x64
		{3FE99D86-9E72-48C0-8CB9-195F78C4AE6B}.Debug|x86.ActiveCfg = Debug|x86
		{3FE99D86-9E72-48C0-8CB9-195F78C4AE6B}.Debug|x86.Build.0 = Debug|x86
		{3FE99D86-9E72-48C0-8CB9-195F78C4AE6B}.Release|x64.ActiveCfg = Release|x64
		{3FE99D86-9E72-48C0-8CB9-195F78C4AE6B}.Release|x64.Build.0 = Release|x64
		{3FE99D86-9E72-48C0-8CB9-195F78C4AE6B}.Release|x86.ActiveCfg = Release|x86
		{3FE99D86-9E72-48C0-8CB9-195F78C4AE6B}.Release|x86.Build.0 = Release|x86
		{6919B2D4-B056-48C8-B851-D4D738757E40}.Debug|x64.ActiveCfg = Debug|x64
		{6919B2D4-B056-48C8-B851-D4D738757E40}.Debug|x64.Build.0 = Debug|x64
		{6919B2D4-B056-48C8-B851-D4D738757E40}.Debug|x86.ActiveCfg = Debug|x86
		{6919B2D4-B056-48C8-B851-D4D738757E40}.Debug|x86.Build.0 = Debug|x86
		{6919B2D4-B056-48C8-B851-D4D738757E40}.Release|x64.ActiveCfg = Release|x64
		{6919B2D4-B056-48C8-B851-D4D738757E40}.Release|x64.Build.0 = Release|x64
		{6919B2D4-B056-48C8-B851-D4D738757E40}.Release|x86.ActiveCfg = Release|Any CPU
	EndGlobalSection
	GlobalSection(SolutionProperties) = preSolution
		HideSolutionNode = FALSE
	EndGlobalSection
	GlobalSection(NestedProjects) = preSolution
		{CDE494AC-74A8-4E3A-8E91-65DF4977FF3F} = {3F24ABDE-5943-440C-BF1E-8D00EC748E32}
		{3FE99D86-9E72-48C0-8CB9-195F78C4AE6B} = {3F24ABDE-5943-440C-BF1E-8D00EC748E32}
		{6919B2D4-B056-48C8-B851-D4D738757E40} = {3F24ABDE-5943-440C-BF1E-8D00EC748E32}
	EndGlobalSection
EndGlobal
